
Microsoft Visual Studio Solution File, Format Version 12.00
# Visual Studio Version 17
VisualStudioVersion = 17.5.001.0
MinimumVisualStudioVersion = 10.0.40219.1
Project("{9A19103F-16F7-4668-BE54-9A1E7A4F7556}") = "Desafio Udemy - Csharp", "Desafio Udemy - Csharp.csproj", "{5C97E347-A741-4682-8F13-6741168C6748}"
EndProject
Global
	GlobalSection(SolutionConfigurationPlatforms) = preSolution
		Debug|Any CPU = Debug|Any CPU
		Release|Any CPU = Release|Any CPU
	EndGlobalSection
	GlobalSection(ProjectConfigurationPlatforms) = postSolution
		{5C97E347-A741-4682-8F13-6741168C6748}.Debug|Any CPU.ActiveCfg = Debug|Any CPU
		{5C97E347-A741-4682-8F13-6741168C6748}.Debug|Any CPU.Build.0 = Debug|Any CPU
		{5C97E347-A741-4682-8F13-6741168C6748}.Release|Any CPU.ActiveCfg = Release|Any CPU
		{5C97E347-A741-4682-8F13-6741168C6748}.Release|Any CPU.Build.0 = Release|Any CPU
	EndGlobalSection
	GlobalSection(SolutionProperties) = preSolution
		HideSolutionNode = FALSE
	EndGlobalSection
	GlobalSection(ExtensibilityGlobals) = postSolution
		SolutionGuid = {099126AC-F913-4AE9-ADCA-47C92C166F87}
	EndGlobalSection
EndGlobal
